{
    "_meta": {
        "hash": {
            "sha256": "f3db3e4fcea56721c41d1e2a967521c0c68e3901033ee3e6612f5341d851cbdb"
        },
        "pipfile-spec": 6,
        "requires": {
            "python_version": "3.12"
        },
        "sources": [
            {
                "name": "pypi",
                "url": "https://pypi.org/simple",
                "verify_ssl": true
            }
        ]
    },
    "default": {
        "annotated-types": {
            "hashes": [
                "sha256:0641064de18ba7a25dee8f96403ebc39113d0cb953a01429249d5c7564666a43",
                "sha256:563339e807e53ffd9c267e99fc6d9ea23eb8443c08f112651963e24e22f84a5d"
            ],
            "index": "pypi",
            "markers": "python_version >= '3.8'",
            "version": "==0.6.0"
        },
        "click": {
            "hashes": [
                "sha256:ae74fb96c20a0277a1d615f1e4d73c8414f5a98db8b799a7931d1582f3390c28",
                "sha256:ca9853ad459e787e2192211578cc907e7594e294c7ccc834310722b41b9ca6de"
            ],
            "markers": "python_version >= '3.7'",
            "version": "==8.1.7"
        },
        "h11": {
            "hashes": [
                "sha256:8f19fbbe99e72420ff35c00b27a34cb9937e902a8b810e2c88300c6f0a3b699d",
                "sha256:e3fe4ac4b851c468cc8363d500db52c2ead036020723024a109d37346efaa761"
            ],
            "markers": "python_version >= '3.7'",
            "version": "==0.14.0"
        },
        "uvicorn": {
            "hashes": [
                "sha256:6dddbad1d7ee0f5140aba5ec138ddc9612c5109399903828b4874c9937f009c2",
                "sha256:ce107f5d9bd02b4636001a77a4e74aab5e1e2b146868ebbad565237145af444c"
            ],
            "index": "pypi",
            "markers": "python_version >= '3.8'",
            "version": "==0.25.0"
        }
    },
    "develop": {}
}
